// !$*UTF8*$!
{
	archiveVersion = 1;
	classes = {
	};
	objectVersion = 50;
	objects = {

/* Begin PBXBuildFile section */
		7518BCE0236B5FB5006855CC /* file.jpg in Resources */ = {isa = PBXBuildFile; fileRef = 7518BCDF236B5FB5006855CC /* file.jpg */; };
		7567B05A235782C6008903F0 /* NoteTableViewController.swift in Sources */ = {isa = PBXBuildFile; fileRef = 7567B059235782C6008903F0 /* NoteTableViewController.swift */; };
		7567B05C235782DB008903F0 /* NoteTableViewCell.swift in Sources */ = {isa = PBXBuildFile; fileRef = 7567B05B235782DB008903F0 /* NoteTableViewCell.swift */; };
		758D7EFA2355F05900E55547 /* AppDelegate.swift in Sources */ = {isa = PBXBuildFile; fileRef = 758D7EF92355F05900E55547 /* AppDelegate.swift */; };
		758D7EFC2355F05900E55547 /* SceneDelegate.swift in Sources */ = {isa = PBXBuildFile; fileRef = 758D7EFB2355F05900E55547 /* SceneDelegate.swift */; };
		758D7EFE2355F05900E55547 /* ViewController.swift in Sources */ = {isa = PBXBuildFile; fileRef = 758D7EFD2355F05900E55547 /* ViewController.swift */; };
		758D7F012355F05900E55547 /* Main.storyboard in Resources */ = {isa = PBXBuildFile; fileRef = 758D7EFF2355F05900E55547 /* Main.storyboard */; };
		758D7F042355F05900E55547 /* BlackNote.xcdatamodeld in Sources */ = {isa = PBXBuildFile; fileRef = 758D7F022355F05900E55547 /* BlackNote.xcdatamodeld */; };
		758D7F062355F05E00E55547 /* Assets.xcassets in Resources */ = {isa = PBXBuildFile; fileRef = 758D7F052355F05E00E55547 /* Assets.xcassets */; };
		758D7F092355F05E00E55547 /* LaunchScreen.storyboard in Resources */ = {isa = PBXBuildFile; fileRef = 758D7F072355F05E00E55547 /* LaunchScreen.storyboard */; };
		75AFF274235F7BFE00DF06F4 /* Notes+CoreDataClass.swift in Sources */ = {isa = PBXBuildFile; fileRef = 75AFF272235F7BFE00DF06F4 /* Notes+CoreDataClass.swift */; };
		75AFF275235F7BFE00DF06F4 /* Notes+CoreDataProperties.swift in Sources */ = {isa = PBXBuildFile; fileRef = 75AFF273235F7BFE00DF06F4 /* Notes+CoreDataProperties.swift */; };
		75AFF27723602B1E00DF06F4 /* CoreDataManager.swift in Sources */ = {isa = PBXBuildFile; fileRef = 75AFF27623602B1E00DF06F4 /* CoreDataManager.swift */; };
/* End PBXBuildFile section */

/* Begin PBXFileReference section */
		7518BCDF236B5FB5006855CC /* file.jpg */ = {isa = PBXFileReference; lastKnownFileType = image.jpeg; path = file.jpg; sourceTree = "<group>"; };
		7567B059235782C6008903F0 /* NoteTableViewController.swift */ = {isa = PBXFileReference; lastKnownFileType = sourcecode.swift; path = NoteTableViewController.swift; sourceTree = "<group>"; };
		7567B05B235782DB008903F0 /* NoteTableViewCell.swift */ = {isa = PBXFileReference; lastKnownFileType = sourcecode.swift; path = NoteTableViewCell.swift; sourceTree = "<group>"; };
		758D7EF62355F05900E55547 /* BlackNote.app */ = {isa = PBXFileReference; explicitFileType = wrapper.application; includeInIndex = 0; path = BlackNote.app; sourceTree = BUILT_PRODUCTS_DIR; };
		758D7EF92355F05900E55547 /* AppDelegate.swift */ = {isa = PBXFileReference; lastKnownFileType = sourcecode.swift; path = AppDelegate.swift; sourceTree = "<group>"; };
		758D7EFB2355F05900E55547 /* SceneDelegate.swift */ = {isa = PBXFileReference; lastKnownFileType = sourcecode.swift; path = SceneDelegate.swift; sourceTree = "<group>"; };
		758D7EFD2355F05900E55547 /* ViewController.swift */ = {isa = PBXFileReference; lastKnownFileType = sourcecode.swift; path = ViewController.swift; sourceTree = "<group>"; };
		758D7F002355F05900E55547 /* Base */ = {isa = PBXFileReference; lastKnownFileType = file.storyboard; name = Base; path = Base.lproj/Main.storyboard; sourceTree = "<group>"; };
		758D7F032355F05900E55547 /* BlackNote.xcdatamodel */ = {isa = PBXFileReference; lastKnownFileType = wrapper.xcdatamodel; path = BlackNote.xcdatamodel; sourceTree = "<group>"; };
		758D7F052355F05E00E55547 /* Assets.xcassets */ = {isa = PBXFileReference; lastKnownFileType = folder.assetcatalog; path = Assets.xcassets; sourceTree = "<group>"; };
		758D7F082355F05E00E55547 /* Base */ = {isa = PBXFileReference; lastKnownFileType = file.storyboard; name = Base; path = Base.lproj/LaunchScreen.storyboard; sourceTree = "<group>"; };
		758D7F0A2355F05E00E55547 /* Info.plist */ = {isa = PBXFileReference; lastKnownFileType = text.plist.xml; path = Info.plist; sourceTree = "<group>"; };
		75AFF272235F7BFE00DF06F4 /* Notes+CoreDataClass.swift */ = {isa = PBXFileReference; lastKnownFileType = sourcecode.swift; path = "Notes+CoreDataClass.swift"; sourceTree = "<group>"; };
		75AFF273235F7BFE00DF06F4 /* Notes+CoreDataProperties.swift */ = {isa = PBXFileReference; lastKnownFileType = sourcecode.swift; path = "Notes+CoreDataProperties.swift"; sourceTree = "<group>"; };
		75AFF27623602B1E00DF06F4 /* CoreDataManager.swift */ = {isa = PBXFileReference; lastKnownFileType = sourcecode.swift; path = CoreDataManager.swift; sourceTree = "<group>"; };
/* End PBXFileReference section */

/* Begin PBXFrameworksBuildPhase section */
		758D7EF32355F05900E55547 /* Frameworks */ = {
			isa = PBXFrameworksBuildPhase;
			buildActionMask = 2147483647;
			files = (
			);
			runOnlyForDeploymentPostprocessing = 0;
		};
/* End PBXFrameworksBuildPhase section */

/* Begin PBXGroup section */
		758D7EED2355F05900E55547 = {
			isa = PBXGroup;
			children = (
				75AFF271235F4A0900DF06F4 /* Model */,
				758D7EF82355F05900E55547 /* BlackNote */,
				758D7EF72355F05900E55547 /* Products */,
			);
			sourceTree = "<group>";
		};
		758D7EF72355F05900E55547 /* Products */ = {
			isa = PBXGroup;
			children = (
				758D7EF62355F05900E55547 /* BlackNote.app */,
			);
			name = Products;
			sourceTree = "<group>";
		};
		758D7EF82355F05900E55547 /* BlackNote */ = {
			isa = PBXGroup;
			children = (
				758D7EF92355F05900E55547 /* AppDelegate.swift */,
				758D7EFB2355F05900E55547 /* SceneDelegate.swift */,
				758D7EFD2355F05900E55547 /* ViewController.swift */,
				7567B059235782C6008903F0 /* NoteTableViewController.swift */,
				7567B05B235782DB008903F0 /* NoteTableViewCell.swift */,
				758D7EFF2355F05900E55547 /* Main.storyboard */,
				758D7F052355F05E00E55547 /* Assets.xcassets */,
				758D7F072355F05E00E55547 /* LaunchScreen.storyboard */,
				7518BCDF236B5FB5006855CC /* file.jpg */,
				758D7F0A2355F05E00E55547 /* Info.plist */,
				758D7F022355F05900E55547 /* BlackNote.xcdatamodeld */,
			);
			path = BlackNote;
			sourceTree = "<group>";
		};
		75AFF271235F4A0900DF06F4 /* Model */ = {
			isa = PBXGroup;
			children = (
				75AFF272235F7BFE00DF06F4 /* Notes+CoreDataClass.swift */,
				75AFF273235F7BFE00DF06F4 /* Notes+CoreDataProperties.swift */,
				75AFF27623602B1E00DF06F4 /* CoreDataManager.swift */,
			);
			path = Model;
			sourceTree = "<group>";
		};
/* End PBXGroup section */

/* Begin PBXNativeTarget section */
		758D7EF52355F05900E55547 /* BlackNote */ = {
			isa = PBXNativeTarget;
			buildConfigurationList = 758D7F0D2355F05E00E55547 /* Build configuration list for PBXNativeTarget "BlackNote" */;
			buildPhases = (
				758D7EF22355F05900E55547 /* Sources */,
				758D7EF32355F05900E55547 /* Frameworks */,
				758D7EF42355F05900E55547 /* Resources */,
			);
			buildRules = (
			);
			dependencies = (
			);
			name = BlackNote;
			productName = BlackNote;
			productReference = 758D7EF62355F05900E55547 /* BlackNote.app */;
			productType = "com.apple.product-type.application";
		};
/* End PBXNativeTarget section */

/* Begin PBXProject section */
		758D7EEE2355F05900E55547 /* Project object */ = {
			isa = PBXProject;
			attributes = {
				LastSwiftUpdateCheck = 1100;
				LastUpgradeCheck = 1100;
				ORGANIZATIONNAME = "Alexader Malygin";
				TargetAttributes = {
					758D7EF52355F05900E55547 = {
						CreatedOnToolsVersion = 11.0;
					};
				};
			};
			buildConfigurationList = 758D7EF12355F05900E55547 /* Build configuration list for PBXProject "BlackNote" */;
			compatibilityVersion = "Xcode 9.3";
			developmentRegion = en;
			hasScannedForEncodings = 0;
			knownRegions = (
				en,
				Base,
			);
			mainGroup = 758D7EED2355F05900E55547;
			productRefGroup = 758D7EF72355F05900E55547 /* Products */;
			projectDirPath = "";
			projectRoot = "";
			targets = (
				758D7EF52355F05900E55547 /* BlackNote */,
			);
		};
/* End PBXProject section */

/* Begin PBXResourcesBuildPhase section */
		758D7EF42355F05900E55547 /* Resources */ = {
			isa = PBXResourcesBuildPhase;
			buildActionMask = 2147483647;
			files = (
				758D7F092355F05E00E55547 /* LaunchScreen.storyboard in Resources */,
				758D7F062355F05E00E55547 /* Assets.xcassets in Resources */,
				758D7F012355F05900E55547 /* Main.storyboard in Resources */,
				7518BCE0236B5FB5006855CC /* file.jpg in Resources */,
			);
			runOnlyForDeploymentPostprocessing = 0;
		};
/* End PBXResourcesBuildPhase section */

/* Begin PBXSourcesBuildPhase section */
		758D7EF22355F05900E55547 /* Sources */ = {
			isa = PBXSourcesBuildPhase;
			buildActionMask = 2147483647;
			files = (
				75AFF274235F7BFE00DF06F4 /* Notes+CoreDataClass.swift in Sources */,
				7567B05A235782C6008903F0 /* NoteTableViewController.swift in Sources */,
				75AFF275235F7BFE00DF06F4 /* Notes+CoreDataProperties.swift in Sources */,
				758D7EFE2355F05900E55547 /* ViewController.swift in Sources */,
				758D7F042355F05900E55547 /* BlackNote.xcdatamodeld in Sources */,
				758D7EFA2355F05900E55547 /* AppDelegate.swift in Sources */,
				758D7EFC2355F05900E55547 /* SceneDelegate.swift in Sources */,
				75AFF27723602B1E00DF06F4 /* CoreDataManager.swift in Sources */,
				7567B05C235782DB008903F0 /* NoteTableViewCell.swift in Sources */,
			);
			runOnlyForDeploymentPostprocessing = 0;
		};
/* End PBXSourcesBuildPhase section */

/* Begin PBXVariantGroup section */
		758D7EFF2355F05900E55547 /* Main.storyboard */ = {
			isa = PBXVariantGroup;
			children = (
				758D7F002355F05900E55547 /* Base */,
			);
			name = Main.storyboard;
			sourceTree = "<group>";
		};
		758D7F072355F05E00E55547 /* LaunchScreen.storyboard */ = {
			isa = PBXVariantGroup;
			children = (
				758D7F082355F05E00E55547 /* Base */,
			);
			name = LaunchScreen.storyboard;
			sourceTree = "<group>";
		};
/* End PBXVariantGroup section */

/* Begin XCBuildConfiguration section */
		758D7F0B2355F05E00E55547 /* Debug */ = {
			isa = XCBuildConfiguration;
			buildSettings = {
				ALWAYS_SEARCH_USER_PATHS = NO;
				CLANG_ANALYZER_NONNULL = YES;
				CLANG_ANALYZER_NUMBER_OBJECT_CONVERSION = YES_AGGRESSIVE;
				CLANG_CXX_LANGUAGE_STANDARD = "gnu++14";
				CLANG_CXX_LIBRARY = "libc++";
				CLANG_ENABLE_MODULES = YES;
				CLANG_ENABLE_OBJC_ARC = YES;
				CLANG_ENABLE_OBJC_WEAK = YES;
				CLANG_WARN_BLOCK_CAPTURE_AUTORELEASING = YES;
				CLANG_WARN_BOOL_CONVERSION = YES;
				CLANG_WARN_COMMA = YES;
				CLANG_WARN_CONSTANT_CONVERSION = YES;
				CLANG_WARN_DEPRECATED_OBJC_IMPLEMENTATIONS = YES;
				CLANG_WARN_DIRECT_OBJC_ISA_USAGE = YES_ERROR;
				CLANG_WARN_DOCUMENTATION_COMMENTS = YES;
				CLANG_WARN_EMPTY_BODY = YES;
				CLANG_WARN_ENUM_CONVERSION = YES;
				CLANG_WARN_INFINITE_RECURSION = YES;
				CLANG_WARN_INT_CONVERSION = YES;
				CLANG_WARN_NON_LITERAL_NULL_CONVERSION = YES;
				CLANG_WARN_OBJC_IMPLICIT_RETAIN_SELF = YES;
				CLANG_WARN_OBJC_LITERAL_CONVERSION = YES;
				CLANG_WARN_OBJC_ROOT_CLASS = YES_ERROR;
				CLANG_WARN_RANGE_LOOP_ANALYSIS = YES;
				CLANG_WARN_STRICT_PROTOTYPES = YES;
				CLANG_WARN_SUSPICIOUS_MOVE = YES;
				CLANG_WARN_UNGUARDED_AVAILABILITY = YES_AGGRESSIVE;
				CLANG_WARN_UNREACHABLE_CODE = YES;
				CLANG_WARN__DUPLICATE_METHOD_MATCH = YES;
				COPY_PHASE_STRIP = NO;
				DEBUG_INFORMATION_FORMAT = dwarf;
				ENABLE_STRICT_OBJC_MSGSEND = YES;
				ENABLE_TESTABILITY = YES;
				GCC_C_LANGUAGE_STANDARD = gnu11;
				GCC_DYNAMIC_NO_PIC = NO;
				GCC_NO_COMMON_BLOCKS = YES;
				GCC_OPTIMIZATION_LEVEL = 0;
				GCC_PREPROCESSOR_DEFINITIONS = (
					"DEBUG=1",
					"$(inherited)",
				);
				GCC_WARN_64_TO_32_BIT_CONVERSION = YES;
				GCC_WARN_ABOUT_RETURN_TYPE = YES_ERROR;
				GCC_WARN_UNDECLARED_SELECTOR = YES;
				GCC_WARN_UNINITIALIZED_AUTOS = YES_AGGRESSIVE;
				GCC_WARN_UNUSED_FUNCTION = YES;
				GCC_WARN_UNUSED_VARIABLE = YES;
				IPHONEOS_DEPLOYMENT_TARGET = 13.0;
				MTL_ENABLE_DEBUG_INFO = INCLUDE_SOURCE;
				MTL_FAST_MATH = YES;
				ONLY_ACTIVE_ARCH = YES;
				SDKROOT = iphoneos;
				SWIFT_ACTIVE_COMPILATION_CONDITIONS = DEBUG;
				SWIFT_OPTIMIZATION_LEVEL = "-Onone";
			};
			name = Debug;
		};
		758D7F0C2355F05E00E55547 /* Release */ = {
			isa = XCBuildConfiguration;
			buildSettings = {
				ALWAYS_SEARCH_USER_PATHS = NO;
				CLANG_ANALYZER_NONNULL = YES;
				CLANG_ANALYZER_NUMBER_OBJECT_CONVERSION = YES_AGGRESSIVE;
				CLANG_CXX_LANGUAGE_STANDARD = "gnu++14";
				CLANG_CXX_LIBRARY = "libc++";
				CLANG_ENABLE_MODULES = YES;
				CLANG_ENABLE_OBJC_ARC = YES;
				CLANG_ENABLE_OBJC_WEAK = YES;
				CLANG_WARN_BLOCK_CAPTURE_AUTORELEASING = YES;
				CLANG_WARN_BOOL_CONVERSION = YES;
				CLANG_WARN_COMMA = YES;
				CLANG_WARN_CONSTANT_CONVERSION = YES;
				CLANG_WARN_DEPRECATED_OBJC_IMPLEMENTATIONS = YES;
				CLANG_WARN_DIRECT_OBJC_ISA_USAGE = YES_ERROR;
				CLANG_WARN_DOCUMENTATION_COMMENTS = YES;
				CLANG_WARN_EMPTY_BODY = YES;
				CLANG_WARN_ENUM_CONVERSION = YES;
				CLANG_WARN_INFINITE_RECURSION = YES;
				CLANG_WARN_INT_CONVERSION = YES;
				CLANG_WARN_NON_LITERAL_NULL_CONVERSION = YES;
				CLANG_WARN_OBJC_IMPLICIT_RETAIN_SELF = YES;
				CLANG_WARN_OBJC_LITERAL_CONVERSION = YES;
				CLANG_WARN_OBJC_ROOT_CLASS = YES_ERROR;
				CLANG_WARN_RANGE_LOOP_ANALYSIS = YES;
				CLANG_WARN_STRICT_PROTOTYPES = YES;
				CLANG_WARN_SUSPICIOUS_MOVE = YES;
				CLANG_WARN_UNGUARDED_AVAILABILITY = YES_AGGRESSIVE;
				CLANG_WARN_UNREACHABLE_CODE = YES;
				CLANG_WARN__DUPLICATE_METHOD_MATCH = YES;
				COPY_PHASE_STRIP = NO;
				DEBUG_INFORMATION_FORMAT = "dwarf-with-dsym";
				ENABLE_NS_ASSERTIONS = NO;
				ENABLE_STRICT_OBJC_MSGSEND = YES;
				GCC_C_LANGUAGE_STANDARD = gnu11;
				GCC_NO_COMMON_BLOCKS = YES;
				GCC_WARN_64_TO_32_BIT_CONVERSION = YES;
				GCC_WARN_ABOUT_RETURN_TYPE = YES_ERROR;
				GCC_WARN_UNDECLARED_SELECTOR = YES;
				GCC_WARN_UNINITIALIZED_AUTOS = YES_AGGRESSIVE;
				GCC_WARN_UNUSED_FUNCTION = YES;
				GCC_WARN_UNUSED_VARIABLE = YES;
				IPHONEOS_DEPLOYMENT_TARGET = 13.0;
				MTL_ENABLE_DEBUG_INFO = NO;
				MTL_FAST_MATH = YES;
				SDKROOT = iphoneos;
				SWIFT_COMPILATION_MODE = wholemodule;
				SWIFT_OPTIMIZATION_LEVEL = "-O";
				VALIDATE_PRODUCT = YES;
			};
			name = Release;
		};
		758D7F0E2355F05E00E55547 /* Debug */ = {
			isa = XCBuildConfiguration;
			buildSettings = {
				ASSETCATALOG_COMPILER_APPICON_NAME = AppIcon;
				CODE_SIGN_STYLE = Automatic;
				DEVELOPMENT_TEAM = ACK684Q2U7;
				INFOPLIST_FILE = BlackNote/Info.plist;
				IPHONEOS_DEPLOYMENT_TARGET = 13.0;
				LD_RUNPATH_SEARCH_PATHS = (
					"$(inherited)",
					"@executable_path/Frameworks",
				);
				PRODUCT_BUNDLE_IDENTIFIER = malygin.BlackNote;
				PRODUCT_NAME = "$(TARGET_NAME)";
				SWIFT_VERSION = 5.0;
				TARGETED_DEVICE_FAMILY = "1,2";
			};
			name = Debug;
		};
		758D7F0F2355F05E00E55547 /* Release */ = {
			isa = XCBuildConfiguration;
			buildSettings = {
				ASSETCATALOG_COMPILER_APPICON_NAME = AppIcon;
				CODE_SIGN_STYLE = Automatic;
				DEVELOPMENT_TEAM = ACK684Q2U7;
				INFOPLIST_FILE = BlackNote/Info.plist;
				IPHONEOS_DEPLOYMENT_TARGET = 13.0;
				LD_RUNPATH_SEARCH_PATHS = (
					"$(inherited)",
					"@executable_path/Frameworks",
				);
				PRODUCT_BUNDLE_IDENTIFIER = malygin.BlackNote;
				PRODUCT_NAME = "$(TARGET_NAME)";
				SWIFT_VERSION = 5.0;
				TARGETED_DEVICE_FAMILY = "1,2";
			};
			name = Release;
		};
/* End XCBuildConfiguration section */

/* Begin XCConfigurationList section */
		758D7EF12355F05900E55547 /* Build configuration list for PBXProject "BlackNote" */ = {
			isa = XCConfigurationList;
			buildConfigurations = (
				758D7F0B2355F05E00E55547 /* Debug */,
				758D7F0C2355F05E00E55547 /* Release */,
			);
			defaultConfigurationIsVisible = 0;
			defaultConfigurationName = Release;
		};
		758D7F0D2355F05E00E55547 /* Build configuration list for PBXNativeTarget "BlackNote" */ = {
			isa = XCConfigurationList;
			buildConfigurations = (
				758D7F0E2355F05E00E55547 /* Debug */,
				758D7F0F2355F05E00E55547 /* Release */,
			);
			defaultConfigurationIsVisible = 0;
			defaultConfigurationName = Release;
		};
/* End XCConfigurationList section */

/* Begin XCVersionGroup section */
		758D7F022355F05900E55547 /* BlackNote.xcdatamodeld */ = {
			isa = XCVersionGroup;
			children = (
				758D7F032355F05900E55547 /* BlackNote.xcdatamodel */,
			);
			currentVersion = 758D7F032355F05900E55547 /* BlackNote.xcdatamodel */;
			path = BlackNote.xcdatamodeld;
			sourceTree = "<group>";
			versionGroupType = wrapper.xcdatamodel;
		};
/* End XCVersionGroup section */
	};
	rootObject = 758D7EEE2355F05900E55547 /* Project object */;
}
